
Microsoft Visual Studio Solution File, Format Version 12.00
# Visual Studio 15
VisualStudioVersion = 15.0.28307.1585
MinimumVisualStudioVersion = 10.0.40219.1
Project("{8BC9CEB8-8B4A-11D0-8D11-00A0C91BC942}") = "snail", "snail\snail.vcxproj", "{025F4CF1-3E88-41B6-99A7-E12821E65EE9}"
EndProject
Global
	GlobalSection(SolutionConfigurationPlatforms) = preSolution
		Debug|x64 = Debug|x64
		Debug|x86 = Debug|x86
		Release|x64 = Release|x64
		Release|x86 = Release|x86
	EndGlobalSection
	GlobalSection(ProjectConfigurationPlatforms) = postSolution
		{025F4CF1-3E88-41B6-99A7-E12821E65EE9}.Debug|x64.ActiveCfg = Debug|x64
		{025F4CF1-3E88-41B6-99A7-E12821E65EE9}.Debug|x64.Build.0 = Debug|x64
		{025F4CF1-3E88-41B6-99A7-E12821E65EE9}.Debug|x86.ActiveCfg = Debug|Win32
		{025F4CF1-3E88-41B6-99A7-E12821E65EE9}.Debug|x86.Build.0 = Debug|Win32
		{025F4CF1-3E88-41B6-99A7-E12821E65EE9}.Release|x64.ActiveCfg = Release|x64
		{025F4CF1-3E88-41B6-99A7-E12821E65EE9}.Release|x64.Build.0 = Release|x64
		{025F4CF1-3E88-41B6-99A7-E12821E65EE9}.Release|x86.ActiveCfg = Release|Win32
		{025F4CF1-3E88-41B6-99A7-E12821E65EE9}.Release|x86.Build.0 = Release|Win32
	EndGlobalSection
	GlobalSection(SolutionProperties) = preSolution
		HideSolutionNode = FALSE
	EndGlobalSection
	GlobalSection(ExtensibilityGlobals) = postSolution
		SolutionGuid = {CAE61BE7-231B-4ACC-B110-44FAD9FC7F4F}
	EndGlobalSection
EndGlobal
